
Microsoft Visual Studio Solution File, Format Version 12.00
# Visual Studio Version 16
VisualStudioVersion = 16.0.29209.62
MinimumVisualStudioVersion = 10.0.40219.1
Project("{FAE04EC0-301F-11D3-BF4B-00C04F79EFBC}") = "WhatsForLunch", "WhatsForLunch\WhatsForLunch.csproj", "{C18E4776-3B46-4F3E-86ED-79CD2E05C1D0}"
EndProject
Global
	GlobalSection(SolutionConfigurationPlatforms) = preSolution
		Debug|Any CPU = Debug|Any CPU
		Release|Any CPU = Release|Any CPU
	EndGlobalSection
	GlobalSection(ProjectConfigurationPlatforms) = postSolution
		{C18E4776-3B46-4F3E-86ED-79CD2E05C1D0}.Debug|Any CPU.ActiveCfg = Debug|Any CPU
		{C18E4776-3B46-4F3E-86ED-79CD2E05C1D0}.Debug|Any CPU.Build.0 = Debug|Any CPU
		{C18E4776-3B46-4F3E-86ED-79CD2E05C1D0}.Release|Any CPU.ActiveCfg = Release|Any CPU
		{C18E4776-3B46-4F3E-86ED-79CD2E05C1D0}.Release|Any CPU.Build.0 = Release|Any CPU
	EndGlobalSection
	GlobalSection(SolutionProperties) = preSolution
		HideSolutionNode = FALSE
	EndGlobalSection
	GlobalSection(ExtensibilityGlobals) = postSolution
		SolutionGuid = {8DC7C392-2FA3-4991-9052-DE33E7FC8963}
	EndGlobalSection
EndGlobal
